
Microsoft Visual Studio Solution File, Format Version 12.00
# Visual Studio Version 17
VisualStudioVersion = 17.1.32319.34
MinimumVisualStudioVersion = 10.0.40219.1
Project("{FAE04EC0-301F-11D3-BF4B-00C04F79EFBC}") = "ImageProcessorWorkerService", "ImageProcessorWorkerService\ImageProcessorWorkerService.csproj", "{6A4EF137-220B-484C-9903-451583565AAA}"
EndProject
Global
	GlobalSection(SolutionConfigurationPlatforms) = preSolution
		Debug|Any CPU = Debug|Any CPU
		Release|Any CPU = Release|Any CPU
	EndGlobalSection
	GlobalSection(ProjectConfigurationPlatforms) = postSolution
		{6A4EF137-220B-484C-9903-451583565AAA}.Debug|Any CPU.ActiveCfg = Debug|Any CPU
		{6A4EF137-220B-484C-9903-451583565AAA}.Debug|Any CPU.Build.0 = Debug|Any CPU
		{6A4EF137-220B-484C-9903-451583565AAA}.Release|Any CPU.ActiveCfg = Release|Any CPU
		{6A4EF137-220B-484C-9903-451583565AAA}.Release|Any CPU.Build.0 = Release|Any CPU
	EndGlobalSection
	GlobalSection(SolutionProperties) = preSolution
		HideSolutionNode = FALSE
	EndGlobalSection
	GlobalSection(ExtensibilityGlobals) = postSolution
		SolutionGuid = {5217E235-E4A7-4042-8297-4E8441E9816A}
	EndGlobalSection
EndGlobal
